
Microsoft Visual Studio Solution File, Format Version 12.00
# Visual Studio Version 18
VisualStudioVersion = 18.6.11822.322 stable
MinimumVisualStudioVersion = 10.0.40219.1
Project("{FAE04EC0-301F-11D3-BF4B-00C04F79EFBC}") = "SeanOne.Alchemy", "SeanOne.Alchemy.csproj", "{D0AB1C05-8E16-9E84-972B-FE513471E174}"
EndProject
Global
	GlobalSection(SolutionConfigurationPlatforms) = preSolution
		Beta|Any CPU = Beta|Any CPU
		Debug|Any CPU = Debug|Any CPU
		Release|Any CPU = Release|Any CPU
	EndGlobalSection
	GlobalSection(ProjectConfigurationPlatforms) = postSolution
		{D0AB1C05-8E16-9E84-972B-FE513471E174}.Beta|Any CPU.ActiveCfg = Beta|Any CPU
		{D0AB1C05-8E16-9E84-972B-FE513471E174}.Beta|Any CPU.Build.0 = Beta|Any CPU
		{D0AB1C05-8E16-9E84-972B-FE513471E174}.Debug|Any CPU.ActiveCfg = Debug|Any CPU
		{D0AB1C05-8E16-9E84-972B-FE513471E174}.Debug|Any CPU.Build.0 = Debug|Any CPU
		{D0AB1C05-8E16-9E84-972B-FE513471E174}.Release|Any CPU.ActiveCfg = Release|Any CPU
		{D0AB1C05-8E16-9E84-972B-FE513471E174}.Release|Any CPU.Build.0 = Release|Any CPU
	EndGlobalSection
	GlobalSection(SolutionProperties) = preSolution
		HideSolutionNode = FALSE
	EndGlobalSection
	GlobalSection(ExtensibilityGlobals) = postSolution
		SolutionGuid = {DE5BB61C-BA31-4847-82A1-103EFE5AE5CF}
	EndGlobalSection
EndGlobal
